// !$*UTF8*$!
{
	archiveVersion = 1;
	classes = {
	};
	objectVersion = 46;
	objects = {

/* Begin PBXBuildFile section */
		A62C0ECA19F5A0D000CFFC43 /* ViewController.swift in Sources */ = {isa = PBXBuildFile; fileRef = A62C0EC919F5A0D000CFFC43 /* ViewController.swift */; };
		A62C0ECD19F5A0D000CFFC43 /* Main.storyboard in Resources */ = {isa = PBXBuildFile; fileRef = A62C0ECB19F5A0D000CFFC43 /* Main.storyboard */; };
		A62C0ECF19F5A0D000CFFC43 /* Images.xcassets in Resources */ = {isa = PBXBuildFile; fileRef = A62C0ECE19F5A0D000CFFC43 /* Images.xcassets */; };
		A62C0ED219F5A0D000CFFC43 /* LaunchScreen.xib in Resources */ = {isa = PBXBuildFile; fileRef = A62C0ED019F5A0D000CFFC43 /* LaunchScreen.xib */; };
		A62C0EDE19F5A0D000CFFC43 /* TempleGameTests.swift in Sources */ = {isa = PBXBuildFile; fileRef = A62C0EDD19F5A0D000CFFC43 /* TempleGameTests.swift */; };
/* End PBXBuildFile section */

/* Begin PBXContainerItemProxy section */
		A62C0ED819F5A0D000CFFC43 /* PBXContainerItemProxy */ = {
			isa = PBXContainerItemProxy;
			containerPortal = A62C0EBA19F5A0D000CFFC43 /* Project object */;
			proxyType = 1;
			remoteGlobalIDString = A62C0EC119F5A0D000CFFC43;
			remoteInfo = TempleGame;
		};
/* End PBXContainerItemProxy section */

/* Begin PBXFileReference section */
		A62C0EC219F5A0D000CFFC43 /* TempleGame.app */ = {isa = PBXFileReference; explicitFileType = wrapper.application; includeInIndex = 0; path = TempleGame.app; sourceTree = BUILT_PRODUCTS_DIR; };
		A62C0EC619F5A0D000CFFC43 /* Info.plist */ = {isa = PBXFileReference; lastKnownFileType = text.plist.xml; path = Info.plist; sourceTree = "<group>"; };
		A62C0EC919F5A0D000CFFC43 /* ViewController.swift */ = {isa = PBXFileReference; lastKnownFileType = sourcecode.swift; path = ViewController.swift; sourceTree = "<group>"; };
		A62C0ECC19F5A0D000CFFC43 /* Base */ = {isa = PBXFileReference; lastKnownFileType = file.storyboard; name = Base; path = Base.lproj/Main.storyboard; sourceTree = "<group>"; };
		A62C0ECE19F5A0D000CFFC43 /* Images.xcassets */ = {isa = PBXFileReference; lastKnownFileType = folder.assetcatalog; path = Images.xcassets; sourceTree = "<group>"; };
		A62C0ED119F5A0D000CFFC43 /* Base */ = {isa = PBXFileReference; lastKnownFileType = file.xib; name = Base; path = Base.lproj/LaunchScreen.xib; sourceTree = "<group>"; };
		A62C0ED719F5A0D000CFFC43 /* TempleGameTests.xctest */ = {isa = PBXFileReference; explicitFileType = wrapper.cfbundle; includeInIndex = 0; path = TempleGameTests.xctest; sourceTree = BUILT_PRODUCTS_DIR; };
		A62C0EDC19F5A0D000CFFC43 /* Info.plist */ = {isa = PBXFileReference; lastKnownFileType = text.plist.xml; path = Info.plist; sourceTree = "<group>"; };
		A62C0EDD19F5A0D000CFFC43 /* TempleGameTests.swift */ = {isa = PBXFileReference; lastKnownFileType = sourcecode.swift; path = TempleGameTests.swift; sourceTree = "<group>"; };
/* End PBXFileReference section */

/* Begin PBXFrameworksBuildPhase section */
		A62C0EBF19F5A0D000CFFC43 /* Frameworks */ = {
			isa = PBXFrameworksBuildPhase;
			buildActionMask = 2147483647;
			files = (
			);
			runOnlyForDeploymentPostprocessing = 0;
		};
		A62C0ED419F5A0D000CFFC43 /* Frameworks */ = {
			isa = PBXFrameworksBuildPhase;
			buildActionMask = 2147483647;
			files = (
			);
			runOnlyForDeploymentPostprocessing = 0;
		};
/* End PBXFrameworksBuildPhase section */

/* Begin PBXGroup section */
		A62C0EB919F5A0D000CFFC43 = {
			isa = PBXGroup;
			children = (
				A62C0EC419F5A0D000CFFC43 /* TempleGame */,
				A62C0EDA19F5A0D000CFFC43 /* TempleGameTests */,
				A62C0EC319F5A0D000CFFC43 /* Products */,
			);
			sourceTree = "<group>";
		};
		A62C0EC319F5A0D000CFFC43 /* Products */ = {
			isa = PBXGroup;
			children = (
				A62C0EC219F5A0D000CFFC43 /* TempleGame.app */,
				A62C0ED719F5A0D000CFFC43 /* TempleGameTests.xctest */,
			);
			name = Products;
			sourceTree = "<group>";
		};
		A62C0EC419F5A0D000CFFC43 /* TempleGame */ = {
			isa = PBXGroup;
			children = (
				A62C0EE919F5A10A00CFFC43 /* Controller */,
				A62C0EE819F5A10000CFFC43 /* View */,
				A62C0EE719F5A0FA00CFFC43 /* Model */,
				A62C0ED019F5A0D000CFFC43 /* LaunchScreen.xib */,
				A62C0EC519F5A0D000CFFC43 /* Supporting Files */,
			);
			path = TempleGame;
			sourceTree = "<group>";
		};
		A62C0EC519F5A0D000CFFC43 /* Supporting Files */ = {
			isa = PBXGroup;
			children = (
				A62C0ECE19F5A0D000CFFC43 /* Images.xcassets */,
				A62C0EC619F5A0D000CFFC43 /* Info.plist */,
			);
			name = "Supporting Files";
			sourceTree = "<group>";
		};
		A62C0EDA19F5A0D000CFFC43 /* TempleGameTests */ = {
			isa = PBXGroup;
			children = (
				A62C0EDD19F5A0D000CFFC43 /* TempleGameTests.swift */,
				A62C0EDB19F5A0D000CFFC43 /* Supporting Files */,
			);
			path = TempleGameTests;
			sourceTree = "<group>";
		};
		A62C0EDB19F5A0D000CFFC43 /* Supporting Files */ = {
			isa = PBXGroup;
			children = (
				A62C0EDC19F5A0D000CFFC43 /* Info.plist */,
			);
			name = "Supporting Files";
			sourceTree = "<group>";
		};
		A62C0EE719F5A0FA00CFFC43 /* Model */ = {
			isa = PBXGroup;
			children = (
			);
			name = Model;
			sourceTree = "<group>";
		};
		A62C0EE819F5A10000CFFC43 /* View */ = {
			isa = PBXGroup;
			children = (
				A62C0ECB19F5A0D000CFFC43 /* Main.storyboard */,
			);
			name = View;
			sourceTree = "<group>";
		};
		A62C0EE919F5A10A00CFFC43 /* Controller */ = {
			isa = PBXGroup;
			children = (
				A62C0EC919F5A0D000CFFC43 /* ViewController.swift */,
			);
			name = Controller;
			sourceTree = "<group>";
		};
/* End PBXGroup section */

/* Begin PBXNativeTarget section */
		A62C0EC119F5A0D000CFFC43 /* TempleGame */ = {
			isa = PBXNativeTarget;
			buildConfigurationList = A62C0EE119F5A0D000CFFC43 /* Build configuration list for PBXNativeTarget "TempleGame" */;
			buildPhases = (
				A62C0EBE19F5A0D000CFFC43 /* Sources */,
				A62C0EBF19F5A0D000CFFC43 /* Frameworks */,
				A62C0EC019F5A0D000CFFC43 /* Resources */,
			);
			buildRules = (
			);
			dependencies = (
			);
			name = TempleGame;
			productName = TempleGame;
			productReference = A62C0EC219F5A0D000CFFC43 /* TempleGame.app */;
			productType = "com.apple.product-type.application";
		};
		A62C0ED619F5A0D000CFFC43 /* TempleGameTests */ = {
			isa = PBXNativeTarget;
			buildConfigurationList = A62C0EE419F5A0D000CFFC43 /* Build configuration list for PBXNativeTarget "TempleGameTests" */;
			buildPhases = (
				A62C0ED319F5A0D000CFFC43 /* Sources */,
				A62C0ED419F5A0D000CFFC43 /* Frameworks */,
				A62C0ED519F5A0D000CFFC43 /* Resources */,
			);
			buildRules = (
			);
			dependencies = (
				A62C0ED919F5A0D000CFFC43 /* PBXTargetDependency */,
			);
			name = TempleGameTests;
			productName = TempleGameTests;
			productReference = A62C0ED719F5A0D000CFFC43 /* TempleGameTests.xctest */;
			productType = "com.apple.product-type.bundle.unit-test";
		};
/* End PBXNativeTarget section */

/* Begin PBXProject section */
		A62C0EBA19F5A0D000CFFC43 /* Project object */ = {
			isa = PBXProject;
			attributes = {
				LastUpgradeCheck = 0600;
				ORGANIZATIONNAME = "Tanner Pratt";
				TargetAttributes = {
					A62C0EC119F5A0D000CFFC43 = {
						CreatedOnToolsVersion = 6.0.1;
					};
					A62C0ED619F5A0D000CFFC43 = {
						CreatedOnToolsVersion = 6.0.1;
						TestTargetID = A62C0EC119F5A0D000CFFC43;
					};
				};
			};
			buildConfigurationList = A62C0EBD19F5A0D000CFFC43 /* Build configuration list for PBXProject "TempleGame" */;
			compatibilityVersion = "Xcode 3.2";
			developmentRegion = English;
			hasScannedForEncodings = 0;
			knownRegions = (
				en,
				Base,
			);
			mainGroup = A62C0EB919F5A0D000CFFC43;
			productRefGroup = A62C0EC319F5A0D000CFFC43 /* Products */;
			projectDirPath = "";
			projectRoot = "";
			targets = (
				A62C0EC119F5A0D000CFFC43 /* TempleGame */,
				A62C0ED619F5A0D000CFFC43 /* TempleGameTests */,
			);
		};
/* End PBXProject section */

/* Begin PBXResourcesBuildPhase section */
		A62C0EC019F5A0D000CFFC43 /* Resources */ = {
			isa = PBXResourcesBuildPhase;
			buildActionMask = 2147483647;
			files = (
				A62C0ECD19F5A0D000CFFC43 /* Main.storyboard in Resources */,
				A62C0ED219F5A0D000CFFC43 /* LaunchScreen.xib in Resources */,
				A62C0ECF19F5A0D000CFFC43 /* Images.xcassets in Resources */,
			);
			runOnlyForDeploymentPostprocessing = 0;
		};
		A62C0ED519F5A0D000CFFC43 /* Resources */ = {
			isa = PBXResourcesBuildPhase;
			buildActionMask = 2147483647;
			files = (
			);
			runOnlyForDeploymentPostprocessing = 0;
		};
/* End PBXResourcesBuildPhase section */

/* Begin PBXSourcesBuildPhase section */
		A62C0EBE19F5A0D000CFFC43 /* Sources */ = {
			isa = PBXSourcesBuildPhase;
			buildActionMask = 2147483647;
			files = (
				A62C0ECA19F5A0D000CFFC43 /* ViewController.swift in Sources */,
			);
			runOnlyForDeploymentPostprocessing = 0;
		};
		A62C0ED319F5A0D000CFFC43 /* Sources */ = {
			isa = PBXSourcesBuildPhase;
			buildActionMask = 2147483647;
			files = (
				A62C0EDE19F5A0D000CFFC43 /* TempleGameTests.swift in Sources */,
			);
			runOnlyForDeploymentPostprocessing = 0;
		};
/* End PBXSourcesBuildPhase section */

/* Begin PBXTargetDependency section */
		A62C0ED919F5A0D000CFFC43 /* PBXTargetDependency */ = {
			isa = PBXTargetDependency;
			target = A62C0EC119F5A0D000CFFC43 /* TempleGame */;
			targetProxy = A62C0ED819F5A0D000CFFC43 /* PBXContainerItemProxy */;
		};
/* End PBXTargetDependency section */

/* Begin PBXVariantGroup section */
		A62C0ECB19F5A0D000CFFC43 /* Main.storyboard */ = {
			isa = PBXVariantGroup;
			children = (
				A62C0ECC19F5A0D000CFFC43 /* Base */,
			);
			name = Main.storyboard;
			sourceTree = "<group>";
		};
		A62C0ED019F5A0D000CFFC43 /* LaunchScreen.xib */ = {
			isa = PBXVariantGroup;
			children = (
				A62C0ED119F5A0D000CFFC43 /* Base */,
			);
			name = LaunchScreen.xib;
			sourceTree = "<group>";
		};
/* End PBXVariantGroup section */

/* Begin XCBuildConfiguration section */
		A62C0EDF19F5A0D000CFFC43 /* Debug */ = {
			isa = XCBuildConfiguration;
			buildSettings = {
				ALWAYS_SEARCH_USER_PATHS = NO;
				CLANG_CXX_LANGUAGE_STANDARD = "gnu++0x";
				CLANG_CXX_LIBRARY = "libc++";
				CLANG_ENABLE_MODULES = YES;
				CLANG_ENABLE_OBJC_ARC = YES;
				CLANG_WARN_BOOL_CONVERSION = YES;
				CLANG_WARN_CONSTANT_CONVERSION = YES;
				CLANG_WARN_DIRECT_OBJC_ISA_USAGE = YES_ERROR;
				CLANG_WARN_EMPTY_BODY = YES;
				CLANG_WARN_ENUM_CONVERSION = YES;
				CLANG_WARN_INT_CONVERSION = YES;
				CLANG_WARN_OBJC_ROOT_CLASS = YES_ERROR;
				CLANG_WARN_UNREACHABLE_CODE = YES;
				CLANG_WARN__DUPLICATE_METHOD_MATCH = YES;
				"CODE_SIGN_IDENTITY[sdk=iphoneos*]" = "iPhone Developer";
				COPY_PHASE_STRIP = NO;
				ENABLE_STRICT_OBJC_MSGSEND = YES;
				GCC_C_LANGUAGE_STANDARD = gnu99;
				GCC_DYNAMIC_NO_PIC = NO;
				GCC_OPTIMIZATION_LEVEL = 0;
				GCC_PREPROCESSOR_DEFINITIONS = (
					"DEBUG=1",
					"$(inherited)",
				);
				GCC_SYMBOLS_PRIVATE_EXTERN = NO;
				GCC_WARN_64_TO_32_BIT_CONVERSION = YES;
				GCC_WARN_ABOUT_RETURN_TYPE = YES_ERROR;
				GCC_WARN_UNDECLARED_SELECTOR = YES;
				GCC_WARN_UNINITIALIZED_AUTOS = YES_AGGRESSIVE;
				GCC_WARN_UNUSED_FUNCTION = YES;
				GCC_WARN_UNUSED_VARIABLE = YES;
				IPHONEOS_DEPLOYMENT_TARGET = 8.0;
				MTL_ENABLE_DEBUG_INFO = YES;
				ONLY_ACTIVE_ARCH = YES;
				SDKROOT = iphoneos;
				SWIFT_OPTIMIZATION_LEVEL = "-Onone";
			};
			name = Debug;
		};
		A62C0EE019F5A0D000CFFC43 /* Release */ = {
			isa = XCBuildConfiguration;
			buildSettings = {
				ALWAYS_SEARCH_USER_PATHS = NO;
				CLANG_CXX_LANGUAGE_STANDARD = "gnu++0x";
				CLANG_CXX_LIBRARY = "libc++";
				CLANG_ENABLE_MODULES = YES;
				CLANG_ENABLE_OBJC_ARC = YES;
				CLANG_WARN_BOOL_CONVERSION = YES;
				CLANG_WARN_CONSTANT_CONVERSION = YES;
				CLANG_WARN_DIRECT_OBJC_ISA_USAGE = YES_ERROR;
				CLANG_WARN_EMPTY_BODY = YES;
				CLANG_WARN_ENUM_CONVERSION = YES;
				CLANG_WARN_INT_CONVERSION = YES;
				CLANG_WARN_OBJC_ROOT_CLASS = YES_ERROR;
				CLANG_WARN_UNREACHABLE_CODE = YES;
				CLANG_WARN__DUPLICATE_METHOD_MATCH = YES;
				"CODE_SIGN_IDENTITY[sdk=iphoneos*]" = "iPhone Developer";
				COPY_PHASE_STRIP = YES;
				ENABLE_NS_ASSERTIONS = NO;
				ENABLE_STRICT_OBJC_MSGSEND = YES;
				GCC_C_LANGUAGE_STANDARD = gnu99;
				GCC_WARN_64_TO_32_BIT_CONVERSION = YES;
				GCC_WARN_ABOUT_RETURN_TYPE = YES_ERROR;
				GCC_WARN_UNDECLARED_SELECTOR = YES;
				GCC_WARN_UNINITIALIZED_AUTOS = YES_AGGRESSIVE;
				GCC_WARN_UNUSED_FUNCTION = YES;
				GCC_WARN_UNUSED_VARIABLE = YES;
				IPHONEOS_DEPLOYMENT_TARGET = 8.0;
				MTL_ENABLE_DEBUG_INFO = NO;
				SDKROOT = iphoneos;
				VALIDATE_PRODUCT = YES;
			};
			name = Release;
		};
		A62C0EE219F5A0D000CFFC43 /* Debug */ = {
			isa = XCBuildConfiguration;
			buildSettings = {
				ASSETCATALOG_COMPILER_APPICON_NAME = AppIcon;
				INFOPLIST_FILE = TempleGame/Info.plist;
				LD_RUNPATH_SEARCH_PATHS = "$(inherited) @executable_path/Frameworks";
				PRODUCT_NAME = "$(TARGET_NAME)";
			};
			name = Debug;
		};
		A62C0EE319F5A0D000CFFC43 /* Release */ = {
			isa = XCBuildConfiguration;
			buildSettings = {
				ASSETCATALOG_COMPILER_APPICON_NAME = AppIcon;
				INFOPLIST_FILE = TempleGame/Info.plist;
				LD_RUNPATH_SEARCH_PATHS = "$(inherited) @executable_path/Frameworks";
				PRODUCT_NAME = "$(TARGET_NAME)";
			};
			name = Release;
		};
		A62C0EE519F5A0D000CFFC43 /* Debug */ = {
			isa = XCBuildConfiguration;
			buildSettings = {
				BUNDLE_LOADER = "$(TEST_HOST)";
				FRAMEWORK_SEARCH_PATHS = (
					"$(SDKROOT)/Developer/Library/Frameworks",
					"$(inherited)",
				);
				GCC_PREPROCESSOR_DEFINITIONS = (
					"DEBUG=1",
					"$(inherited)",
				);
				INFOPLIST_FILE = TempleGameTests/Info.plist;
				LD_RUNPATH_SEARCH_PATHS = "$(inherited) @executable_path/Frameworks @loader_path/Frameworks";
				PRODUCT_NAME = "$(TARGET_NAME)";
				TEST_HOST = "$(BUILT_PRODUCTS_DIR)/TempleGame.app/TempleGame";
			};
			name = Debug;
		};
		A62C0EE619F5A0D000CFFC43 /* Release */ = {
			isa = XCBuildConfiguration;
			buildSettings = {
				BUNDLE_LOADER = "$(TEST_HOST)";
				FRAMEWORK_SEARCH_PATHS = (
					"$(SDKROOT)/Developer/Library/Frameworks",
					"$(inherited)",
				);
				INFOPLIST_FILE = TempleGameTests/Info.plist;
				LD_RUNPATH_SEARCH_PATHS = "$(inherited) @executable_path/Frameworks @loader_path/Frameworks";
				PRODUCT_NAME = "$(TARGET_NAME)";
				TEST_HOST = "$(BUILT_PRODUCTS_DIR)/TempleGame.app/TempleGame";
			};
			name = Release;
		};
/* End XCBuildConfiguration section */

/* Begin XCConfigurationList section */
		A62C0EBD19F5A0D000CFFC43 /* Build configuration list for PBXProject "TempleGame" */ = {
			isa = XCConfigurationList;
			buildConfigurations = (
				A62C0EDF19F5A0D000CFFC43 /* Debug */,
				A62C0EE019F5A0D000CFFC43 /* Release */,
			);
			defaultConfigurationIsVisible = 0;
			defaultConfigurationName = Release;
		};
		A62C0EE119F5A0D000CFFC43 /* Build configuration list for PBXNativeTarget "TempleGame" */ = {
			isa = XCConfigurationList;
			buildConfigurations = (
				A62C0EE219F5A0D000CFFC43 /* Debug */,
				A62C0EE319F5A0D000CFFC43 /* Release */,
			);
			defaultConfigurationIsVisible = 0;
		};
		A62C0EE419F5A0D000CFFC43 /* Build configuration list for PBXNativeTarget "TempleGameTests" */ = {
			isa = XCConfigurationList;
			buildConfigurations = (
				A62C0EE519F5A0D000CFFC43 /* Debug */,
				A62C0EE619F5A0D000CFFC43 /* Release */,
			);
			defaultConfigurationIsVisible = 0;
		};
/* End XCConfigurationList section */
	};
	rootObject = A62C0EBA19F5A0D000CFFC43 /* Project object */;
}
